
Microsoft Visual Studio Solution File, Format Version 12.00
# Visual Studio Version 16
VisualStudioVersion = 16.0.32002.261
MinimumVisualStudioVersion = 10.0.40219.1
Project("{FAE04EC0-301F-11D3-BF4B-00C04F79EFBC}") = "AddofArray", "AddofArray\AddofArray.csproj", "{FBFAE413-E69B-4EB3-BBBF-FB92A48ABA02}"
EndProject
Global
	GlobalSection(SolutionConfigurationPlatforms) = preSolution
		Debug|Any CPU = Debug|Any CPU
		Release|Any CPU = Release|Any CPU
	EndGlobalSection
	GlobalSection(ProjectConfigurationPlatforms) = postSolution
		{FBFAE413-E69B-4EB3-BBBF-FB92A48ABA02}.Debug|Any CPU.ActiveCfg = Debug|Any CPU
		{FBFAE413-E69B-4EB3-BBBF-FB92A48ABA02}.Debug|Any CPU.Build.0 = Debug|Any CPU
		{FBFAE413-E69B-4EB3-BBBF-FB92A48ABA02}.Release|Any CPU.ActiveCfg = Release|Any CPU
		{FBFAE413-E69B-4EB3-BBBF-FB92A48ABA02}.Release|Any CPU.Build.0 = Release|Any CPU
	EndGlobalSection
	GlobalSection(SolutionProperties) = preSolution
		HideSolutionNode = FALSE
	EndGlobalSection
	GlobalSection(ExtensibilityGlobals) = postSolution
		SolutionGuid = {FBB35051-0BCB-4707-8699-CF4D2FC5DC0A}
	EndGlobalSection
EndGlobal
